
Microsoft Visual Studio Solution File, Format Version 12.00
# Visual Studio Version 17
VisualStudioVersion = 17.14.36518.9 d17.14
MinimumVisualStudioVersion = 10.0.40219.1
Project("{8BC9CEB8-8B4A-11D0-8D11-00A0C91BC942}") = "test1_sub1", "test1_sub1.vcxproj", "{7A39BEB7-70BE-4C5C-98C0-D248A2A05E3E}"
EndProject
Global
	GlobalSection(SolutionConfigurationPlatforms) = preSolution
		Debug|x64 = Debug|x64
		Debug|x86 = Debug|x86
		Release|x64 = Release|x64
		Release|x86 = Release|x86
	EndGlobalSection
	GlobalSection(ProjectConfigurationPlatforms) = postSolution
		{7A39BEB7-70BE-4C5C-98C0-D248A2A05E3E}.Debug|x64.ActiveCfg = Debug|x64
		{7A39BEB7-70BE-4C5C-98C0-D248A2A05E3E}.Debug|x64.Build.0 = Debug|x64
		{7A39BEB7-70BE-4C5C-98C0-D248A2A05E3E}.Debug|x86.ActiveCfg = Debug|Win32
		{7A39BEB7-70BE-4C5C-98C0-D248A2A05E3E}.Debug|x86.Build.0 = Debug|Win32
		{7A39BEB7-70BE-4C5C-98C0-D248A2A05E3E}.Release|x64.ActiveCfg = Release|x64
		{7A39BEB7-70BE-4C5C-98C0-D248A2A05E3E}.Release|x64.Build.0 = Release|x64
		{7A39BEB7-70BE-4C5C-98C0-D248A2A05E3E}.Release|x86.ActiveCfg = Release|Win32
		{7A39BEB7-70BE-4C5C-98C0-D248A2A05E3E}.Release|x86.Build.0 = Release|Win32
	EndGlobalSection
	GlobalSection(SolutionProperties) = preSolution
		HideSolutionNode = FALSE
	EndGlobalSection
	GlobalSection(ExtensibilityGlobals) = postSolution
		SolutionGuid = {79290B8E-FF78-44CF-8CCE-0DCB76BEF6BE}
	EndGlobalSection
EndGlobal
