
Microsoft Visual Studio Solution File, Format Version 12.00
# Visual Studio Version 17
VisualStudioVersion = 17.14.36717.8 d17.14
MinimumVisualStudioVersion = 10.0.40219.1
Project("{8BC9CEB8-8B4A-11D0-8D11-00A0C91BC942}") = "lab11", "lab11.vcxproj", "{E5A0E939-03C9-4A3E-97AF-88EB457C6936}"
EndProject
Global
	GlobalSection(SolutionConfigurationPlatforms) = preSolution
		Debug|x64 = Debug|x64
		Debug|x86 = Debug|x86
		Release|x64 = Release|x64
		Release|x86 = Release|x86
	EndGlobalSection
	GlobalSection(ProjectConfigurationPlatforms) = postSolution
		{E5A0E939-03C9-4A3E-97AF-88EB457C6936}.Debug|x64.ActiveCfg = Debug|x64
		{E5A0E939-03C9-4A3E-97AF-88EB457C6936}.Debug|x64.Build.0 = Debug|x64
		{E5A0E939-03C9-4A3E-97AF-88EB457C6936}.Debug|x86.ActiveCfg = Debug|Win32
		{E5A0E939-03C9-4A3E-97AF-88EB457C6936}.Debug|x86.Build.0 = Debug|Win32
		{E5A0E939-03C9-4A3E-97AF-88EB457C6936}.Release|x64.ActiveCfg = Release|x64
		{E5A0E939-03C9-4A3E-97AF-88EB457C6936}.Release|x64.Build.0 = Release|x64
		{E5A0E939-03C9-4A3E-97AF-88EB457C6936}.Release|x86.ActiveCfg = Release|Win32
		{E5A0E939-03C9-4A3E-97AF-88EB457C6936}.Release|x86.Build.0 = Release|Win32
	EndGlobalSection
	GlobalSection(SolutionProperties) = preSolution
		HideSolutionNode = FALSE
	EndGlobalSection
	GlobalSection(ExtensibilityGlobals) = postSolution
		SolutionGuid = {F5EF4509-A86A-4F09-B1BE-02B56CE40657}
	EndGlobalSection
EndGlobal
